{
  "name": "pareto-core-async",
  "version": "0.6.0",
  "lockfileVersion": 2,
  "requires": true,
  "packages": {
    "": {
      "name": "pareto-core-async",
      "version": "0.6.0",
      "license": "ISC",
      "dependencies": {
        "api-pareto-async": "^0.1.0",
        "pareto-core-internals": "^0.7.0"
      }
    },
    "node_modules/api-pareto-async": {
      "version": "0.1.0",
      "resolved": "https://registry.npmjs.org/api-pareto-async/-/api-pareto-async-0.1.0.tgz",
      "integrity": "sha512-LmOHM6mwbYmwfLmbHELlxymIKgEUMRuCtiN290FwpH3z3QN/IihZ1SX5P7a6T6hrVQ2sB+NwVgLxaAWfTsbimA==",
      "dependencies": {
        "pareto-core-types": "^0.6.0"
      }
    },
    "node_modules/pareto-core-internals": {
      "version": "0.7.0",
      "resolved": "https://registry.npmjs.org/pareto-core-internals/-/pareto-core-internals-0.7.0.tgz",
      "integrity": "sha512-1Mh7f9yFLSsFZKb3Rs/E9qGucUF2n1FcWPRfcRi47qI+FwhDfka0JbadlJaNnoVGOsY1bPMGxesTwReszBf9pw==",
      "dependencies": {
        "pareto-core-types": "^0.6.0"
      }
    },
    "node_modules/pareto-core-types": {
      "version": "0.6.0",
      "resolved": "https://registry.npmjs.org/pareto-core-types/-/pareto-core-types-0.6.0.tgz",
      "integrity": "sha512-q9M6w+M6kgJBaroffQto9oRqsBKDpYI+JbJgO+7wVUx5QPew9kEsdevkNfjPPPWhq0grRg9Nj3t2gQy6wXyL2g=="
    }
  },
  "dependencies": {
    "api-pareto-async": {
      "version": "0.1.0",
      "resolved": "https://registry.npmjs.org/api-pareto-async/-/api-pareto-async-0.1.0.tgz",
      "integrity": "sha512-LmOHM6mwbYmwfLmbHELlxymIKgEUMRuCtiN290FwpH3z3QN/IihZ1SX5P7a6T6hrVQ2sB+NwVgLxaAWfTsbimA==",
      "requires": {
        "pareto-core-types": "^0.6.0"
      }
    },
    "pareto-core-internals": {
      "version": "0.7.0",
      "resolved": "https://registry.npmjs.org/pareto-core-internals/-/pareto-core-internals-0.7.0.tgz",
      "integrity": "sha512-1Mh7f9yFLSsFZKb3Rs/E9qGucUF2n1FcWPRfcRi47qI+FwhDfka0JbadlJaNnoVGOsY1bPMGxesTwReszBf9pw==",
      "requires": {
        "pareto-core-types": "^0.6.0"
      }
    },
    "pareto-core-types": {
      "version": "0.6.0",
      "resolved": "https://registry.npmjs.org/pareto-core-types/-/pareto-core-types-0.6.0.tgz",
      "integrity": "sha512-q9M6w+M6kgJBaroffQto9oRqsBKDpYI+JbJgO+7wVUx5QPew9kEsdevkNfjPPPWhq0grRg9Nj3t2gQy6wXyL2g=="
    }
  }
}
