{
  "name": "pub",
  "lockfileVersion": 2,
  "requires": true,
  "packages": {
    "": {
      "license": "ISC",
      "dependencies": {
        "pareto-core-data": "^0.2.0",
        "pareto-core-dev": "^0.2.0",
        "pareto-core-lib": "^0.20.0",
        "pareto-core-map": "^0.2.1",
        "pareto-core-state": "^0.14.0"
      }
    },
    "node_modules/pareto-core-data": {
      "version": "0.2.0",
      "resolved": "https://registry.npmjs.org/pareto-core-data/-/pareto-core-data-0.2.0.tgz",
      "integrity": "sha512-TOOHt0mubI55wLY6RjB3yB4cB8UhRtIYvmYsO9w8Fs4OhPGhgYeE6Wi1KMG8mVESGvyjLwmuX1z4Ufgt0zgDyQ==",
      "dependencies": {
        "pareto-core-internals": "^0.13.0"
      }
    },
    "node_modules/pareto-core-dev": {
      "version": "0.2.0",
      "resolved": "https://registry.npmjs.org/pareto-core-dev/-/pareto-core-dev-0.2.0.tgz",
      "integrity": "sha512-pomsDAhCa3m56ceDym/7dtizj1R+wNr4qo6Eb/Jw6t2w71+dNhK4Ph8mEGYTx1qwGaKKGBxZ4rM8S8As2MwwQw==",
      "dependencies": {
        "pareto-core-internals": "^0.13.0"
      }
    },
    "node_modules/pareto-core-internals": {
      "version": "0.13.0",
      "resolved": "https://registry.npmjs.org/pareto-core-internals/-/pareto-core-internals-0.13.0.tgz",
      "integrity": "sha512-Yb9SVAb3G7H1EZBTxyA1VWuf5bGYd5hMccgklqkvlaavQab6w7PiMvzUY0Wzj1pExFAYe2rtm8IQ2uSBHAyS0g==",
      "dependencies": {
        "pareto-core-types": "^0.12.0"
      }
    },
    "node_modules/pareto-core-lib": {
      "version": "0.20.0",
      "resolved": "https://registry.npmjs.org/pareto-core-lib/-/pareto-core-lib-0.20.0.tgz",
      "integrity": "sha512-ZszuuG/BONyz8nJQgysusV2i5eHCvEYzssEdRYaQ8NSU9PCY8AiOukEhZeXqljPP147yg3RzSKAhXBql9e34iw==",
      "dependencies": {
        "pareto-core-internals": "^0.13.0"
      }
    },
    "node_modules/pareto-core-map": {
      "version": "0.2.1",
      "resolved": "https://registry.npmjs.org/pareto-core-map/-/pareto-core-map-0.2.1.tgz",
      "integrity": "sha512-oKWbuI0UINIqtY8MBpisenO/76y4fjACWRBkrf8JwN4adMhN4udlHhrlI16OwHLnNGVcDVYSQ1zzD8aoY/8LmQ==",
      "dependencies": {
        "pareto-core-internals": "^0.13.0"
      }
    },
    "node_modules/pareto-core-state": {
      "version": "0.14.0",
      "resolved": "https://registry.npmjs.org/pareto-core-state/-/pareto-core-state-0.14.0.tgz",
      "integrity": "sha512-0YHwXhcvYWCW3Z5E9eSFs3sEc5su0ipBm+SBLtuzhqQDTgs1oou6LT8y9Bz8ju/L/+RCvKXN++ETzikQ7BTzqA==",
      "dependencies": {
        "pareto-core-internals": "^0.13.0"
      }
    },
    "node_modules/pareto-core-types": {
      "version": "0.12.0",
      "resolved": "https://registry.npmjs.org/pareto-core-types/-/pareto-core-types-0.12.0.tgz",
      "integrity": "sha512-cxQ3sI0kJby0o1xM6C6lMl2VFrK1cTTjMF3sSEKW9i3S1xJEnmXybh1oE4+tdIsQmQysDAGOZ0Awi/gzzjnJHw=="
    }
  },
  "dependencies": {
    "pareto-core-data": {
      "version": "0.2.0",
      "resolved": "https://registry.npmjs.org/pareto-core-data/-/pareto-core-data-0.2.0.tgz",
      "integrity": "sha512-TOOHt0mubI55wLY6RjB3yB4cB8UhRtIYvmYsO9w8Fs4OhPGhgYeE6Wi1KMG8mVESGvyjLwmuX1z4Ufgt0zgDyQ==",
      "requires": {
        "pareto-core-internals": "^0.13.0"
      }
    },
    "pareto-core-dev": {
      "version": "0.2.0",
      "resolved": "https://registry.npmjs.org/pareto-core-dev/-/pareto-core-dev-0.2.0.tgz",
      "integrity": "sha512-pomsDAhCa3m56ceDym/7dtizj1R+wNr4qo6Eb/Jw6t2w71+dNhK4Ph8mEGYTx1qwGaKKGBxZ4rM8S8As2MwwQw==",
      "requires": {
        "pareto-core-internals": "^0.13.0"
      }
    },
    "pareto-core-internals": {
      "version": "0.13.0",
      "resolved": "https://registry.npmjs.org/pareto-core-internals/-/pareto-core-internals-0.13.0.tgz",
      "integrity": "sha512-Yb9SVAb3G7H1EZBTxyA1VWuf5bGYd5hMccgklqkvlaavQab6w7PiMvzUY0Wzj1pExFAYe2rtm8IQ2uSBHAyS0g==",
      "requires": {
        "pareto-core-types": "^0.12.0"
      }
    },
    "pareto-core-lib": {
      "version": "0.20.0",
      "resolved": "https://registry.npmjs.org/pareto-core-lib/-/pareto-core-lib-0.20.0.tgz",
      "integrity": "sha512-ZszuuG/BONyz8nJQgysusV2i5eHCvEYzssEdRYaQ8NSU9PCY8AiOukEhZeXqljPP147yg3RzSKAhXBql9e34iw==",
      "requires": {
        "pareto-core-internals": "^0.13.0"
      }
    },
    "pareto-core-map": {
      "version": "0.2.1",
      "resolved": "https://registry.npmjs.org/pareto-core-map/-/pareto-core-map-0.2.1.tgz",
      "integrity": "sha512-oKWbuI0UINIqtY8MBpisenO/76y4fjACWRBkrf8JwN4adMhN4udlHhrlI16OwHLnNGVcDVYSQ1zzD8aoY/8LmQ==",
      "requires": {
        "pareto-core-internals": "^0.13.0"
      }
    },
    "pareto-core-state": {
      "version": "0.14.0",
      "resolved": "https://registry.npmjs.org/pareto-core-state/-/pareto-core-state-0.14.0.tgz",
      "integrity": "sha512-0YHwXhcvYWCW3Z5E9eSFs3sEc5su0ipBm+SBLtuzhqQDTgs1oou6LT8y9Bz8ju/L/+RCvKXN++ETzikQ7BTzqA==",
      "requires": {
        "pareto-core-internals": "^0.13.0"
      }
    },
    "pareto-core-types": {
      "version": "0.12.0",
      "resolved": "https://registry.npmjs.org/pareto-core-types/-/pareto-core-types-0.12.0.tgz",
      "integrity": "sha512-cxQ3sI0kJby0o1xM6C6lMl2VFrK1cTTjMF3sSEKW9i3S1xJEnmXybh1oE4+tdIsQmQysDAGOZ0Awi/gzzjnJHw=="
    }
  }
}
